// !$*UTF8*$!
{
	archiveVersion = 1;
	classes = {
	};
	objectVersion = 48;
	objects = {

/* Begin PBXBuildFile section */
		4A98DBD60B40B8FFD0086B1C /* Pods_devslopes_social.framework in Frameworks */ = {isa = PBXBuildFile; fileRef = 259D2BEF460BF6ED4DF0ABB0 /* Pods_devslopes_social.framework */; };
		CF70AA60207BBD6400CC70A0 /* AppDelegate.swift in Sources */ = {isa = PBXBuildFile; fileRef = CF70AA5F207BBD6400CC70A0 /* AppDelegate.swift */; };
		CF70AA62207BBD6400CC70A0 /* SignInVC.swift in Sources */ = {isa = PBXBuildFile; fileRef = CF70AA61207BBD6400CC70A0 /* SignInVC.swift */; };
		CF70AA65207BBD6400CC70A0 /* Main.storyboard in Resources */ = {isa = PBXBuildFile; fileRef = CF70AA63207BBD6400CC70A0 /* Main.storyboard */; };
		CF70AA67207BBD6400CC70A0 /* Assets.xcassets in Resources */ = {isa = PBXBuildFile; fileRef = CF70AA66207BBD6400CC70A0 /* Assets.xcassets */; };
		CF70AA6A207BBD6400CC70A0 /* LaunchScreen.storyboard in Resources */ = {isa = PBXBuildFile; fileRef = CF70AA68207BBD6400CC70A0 /* LaunchScreen.storyboard */; };
		CF70AA72207BBE4F00CC70A0 /* GoogleService-Info.plist in Resources */ = {isa = PBXBuildFile; fileRef = CF70AA71207BBE4F00CC70A0 /* GoogleService-Info.plist */; };
		CF70AA77207C075500CC70A0 /* FancyView.swift in Sources */ = {isa = PBXBuildFile; fileRef = CF70AA76207C075500CC70A0 /* FancyView.swift */; };
		CF70AA7A207C1BE300CC70A0 /* Constants.swift in Sources */ = {isa = PBXBuildFile; fileRef = CF70AA79207C1BE300CC70A0 /* Constants.swift */; };
		CF70AA7C207C1F2400CC70A0 /* RoundBtn.swift in Sources */ = {isa = PBXBuildFile; fileRef = CF70AA7B207C1F2400CC70A0 /* RoundBtn.swift */; };
		CF70AA7E207C21A900CC70A0 /* FancyField.swift in Sources */ = {isa = PBXBuildFile; fileRef = CF70AA7D207C21A900CC70A0 /* FancyField.swift */; };
		CF70AA80207C258200CC70A0 /* FancyBtn.swift in Sources */ = {isa = PBXBuildFile; fileRef = CF70AA7F207C258200CC70A0 /* FancyBtn.swift */; };
		CFBAB32721F9395D00B4847E /* FeedVC.swift in Sources */ = {isa = PBXBuildFile; fileRef = CFBAB32621F9395D00B4847E /* FeedVC.swift */; };
/* End PBXBuildFile section */

/* Begin PBXFileReference section */
		259D2BEF460BF6ED4DF0ABB0 /* Pods_devslopes_social.framework */ = {isa = PBXFileReference; explicitFileType = wrapper.framework; includeInIndex = 0; path = Pods_devslopes_social.framework; sourceTree = BUILT_PRODUCTS_DIR; };
		81E58EBC442109E68685A704 /* Pods-devslopes-social.release.xcconfig */ = {isa = PBXFileReference; includeInIndex = 1; lastKnownFileType = text.xcconfig; name = "Pods-devslopes-social.release.xcconfig"; path = "Pods/Target Support Files/Pods-devslopes-social/Pods-devslopes-social.release.xcconfig"; sourceTree = "<group>"; };
		CF70AA5C207BBD6400CC70A0 /* devslopes-social.app */ = {isa = PBXFileReference; explicitFileType = wrapper.application; includeInIndex = 0; path = "devslopes-social.app"; sourceTree = BUILT_PRODUCTS_DIR; };
		CF70AA5F207BBD6400CC70A0 /* AppDelegate.swift */ = {isa = PBXFileReference; lastKnownFileType = sourcecode.swift; path = AppDelegate.swift; sourceTree = "<group>"; };
		CF70AA61207BBD6400CC70A0 /* SignInVC.swift */ = {isa = PBXFileReference; lastKnownFileType = sourcecode.swift; path = SignInVC.swift; sourceTree = "<group>"; };
		CF70AA64207BBD6400CC70A0 /* Base */ = {isa = PBXFileReference; lastKnownFileType = file.storyboard; name = Base; path = Base.lproj/Main.storyboard; sourceTree = "<group>"; };
		CF70AA66207BBD6400CC70A0 /* Assets.xcassets */ = {isa = PBXFileReference; lastKnownFileType = folder.assetcatalog; path = Assets.xcassets; sourceTree = "<group>"; };
		CF70AA69207BBD6400CC70A0 /* Base */ = {isa = PBXFileReference; lastKnownFileType = file.storyboard; name = Base; path = Base.lproj/LaunchScreen.storyboard; sourceTree = "<group>"; };
		CF70AA6B207BBD6400CC70A0 /* Info.plist */ = {isa = PBXFileReference; lastKnownFileType = text.plist.xml; path = Info.plist; sourceTree = "<group>"; };
		CF70AA71207BBE4F00CC70A0 /* GoogleService-Info.plist */ = {isa = PBXFileReference; fileEncoding = 4; lastKnownFileType = text.plist.xml; path = "GoogleService-Info.plist"; sourceTree = "<group>"; };
		CF70AA76207C075500CC70A0 /* FancyView.swift */ = {isa = PBXFileReference; lastKnownFileType = sourcecode.swift; path = FancyView.swift; sourceTree = "<group>"; };
		CF70AA79207C1BE300CC70A0 /* Constants.swift */ = {isa = PBXFileReference; lastKnownFileType = sourcecode.swift; path = Constants.swift; sourceTree = "<group>"; };
		CF70AA7B207C1F2400CC70A0 /* RoundBtn.swift */ = {isa = PBXFileReference; lastKnownFileType = sourcecode.swift; path = RoundBtn.swift; sourceTree = "<group>"; };
		CF70AA7D207C21A900CC70A0 /* FancyField.swift */ = {isa = PBXFileReference; lastKnownFileType = sourcecode.swift; path = FancyField.swift; sourceTree = "<group>"; };
		CF70AA7F207C258200CC70A0 /* FancyBtn.swift */ = {isa = PBXFileReference; lastKnownFileType = sourcecode.swift; path = FancyBtn.swift; sourceTree = "<group>"; };
		CFA6E9C8208D38B70079080F /* devslopes-social.entitlements */ = {isa = PBXFileReference; lastKnownFileType = text.plist.entitlements; path = "devslopes-social.entitlements"; sourceTree = "<group>"; };
		CFBAB32621F9395D00B4847E /* FeedVC.swift */ = {isa = PBXFileReference; lastKnownFileType = sourcecode.swift; path = FeedVC.swift; sourceTree = "<group>"; };
		D008E9B032D7B9C40697B1E9 /* Pods-devslopes-social.debug.xcconfig */ = {isa = PBXFileReference; includeInIndex = 1; lastKnownFileType = text.xcconfig; name = "Pods-devslopes-social.debug.xcconfig"; path = "Pods/Target Support Files/Pods-devslopes-social/Pods-devslopes-social.debug.xcconfig"; sourceTree = "<group>"; };
/* End PBXFileReference section */

/* Begin PBXFrameworksBuildPhase section */
		CF70AA59207BBD6400CC70A0 /* Frameworks */ = {
			isa = PBXFrameworksBuildPhase;
			buildActionMask = 2147483647;
			files = (
				4A98DBD60B40B8FFD0086B1C /* Pods_devslopes_social.framework in Frameworks */,
			);
			runOnlyForDeploymentPostprocessing = 0;
		};
/* End PBXFrameworksBuildPhase section */

/* Begin PBXGroup section */
		6AA45E96CE54B512D4DF0100 /* Pods */ = {
			isa = PBXGroup;
			children = (
				D008E9B032D7B9C40697B1E9 /* Pods-devslopes-social.debug.xcconfig */,
				81E58EBC442109E68685A704 /* Pods-devslopes-social.release.xcconfig */,
			);
			name = Pods;
			sourceTree = "<group>";
		};
		85610CC490C38E8AAB2EAC97 /* Frameworks */ = {
			isa = PBXGroup;
			children = (
				259D2BEF460BF6ED4DF0ABB0 /* Pods_devslopes_social.framework */,
			);
			name = Frameworks;
			sourceTree = "<group>";
		};
		CF70AA53207BBD6400CC70A0 = {
			isa = PBXGroup;
			children = (
				CF70AA5E207BBD6400CC70A0 /* devslopes-social */,
				CF70AA5D207BBD6400CC70A0 /* Products */,
				6AA45E96CE54B512D4DF0100 /* Pods */,
				85610CC490C38E8AAB2EAC97 /* Frameworks */,
			);
			sourceTree = "<group>";
		};
		CF70AA5D207BBD6400CC70A0 /* Products */ = {
			isa = PBXGroup;
			children = (
				CF70AA5C207BBD6400CC70A0 /* devslopes-social.app */,
			);
			name = Products;
			sourceTree = "<group>";
		};
		CF70AA5E207BBD6400CC70A0 /* devslopes-social */ = {
			isa = PBXGroup;
			children = (
				CFA6E9C8208D38B70079080F /* devslopes-social.entitlements */,
				CF70AA78207C1BA200CC70A0 /* Util */,
				CF70AA75207BC2EB00CC70A0 /* Controller */,
				CF70AA74207BC2DA00CC70A0 /* View */,
				CF70AA73207BC2CB00CC70A0 /* Model */,
				CF70AA5F207BBD6400CC70A0 /* AppDelegate.swift */,
				CF70AA63207BBD6400CC70A0 /* Main.storyboard */,
				CF70AA66207BBD6400CC70A0 /* Assets.xcassets */,
				CF70AA68207BBD6400CC70A0 /* LaunchScreen.storyboard */,
				CF70AA6B207BBD6400CC70A0 /* Info.plist */,
				CF70AA71207BBE4F00CC70A0 /* GoogleService-Info.plist */,
			);
			path = "devslopes-social";
			sourceTree = "<group>";
		};
		CF70AA73207BC2CB00CC70A0 /* Model */ = {
			isa = PBXGroup;
			children = (
			);
			path = Model;
			sourceTree = "<group>";
		};
		CF70AA74207BC2DA00CC70A0 /* View */ = {
			isa = PBXGroup;
			children = (
				CF70AA76207C075500CC70A0 /* FancyView.swift */,
				CF70AA7B207C1F2400CC70A0 /* RoundBtn.swift */,
				CF70AA7D207C21A900CC70A0 /* FancyField.swift */,
				CF70AA7F207C258200CC70A0 /* FancyBtn.swift */,
			);
			path = View;
			sourceTree = "<group>";
		};
		CF70AA75207BC2EB00CC70A0 /* Controller */ = {
			isa = PBXGroup;
			children = (
				CF70AA61207BBD6400CC70A0 /* SignInVC.swift */,
				CFBAB32621F9395D00B4847E /* FeedVC.swift */,
			);
			path = Controller;
			sourceTree = "<group>";
		};
		CF70AA78207C1BA200CC70A0 /* Util */ = {
			isa = PBXGroup;
			children = (
				CF70AA79207C1BE300CC70A0 /* Constants.swift */,
			);
			path = Util;
			sourceTree = "<group>";
		};
/* End PBXGroup section */

/* Begin PBXNativeTarget section */
		CF70AA5B207BBD6400CC70A0 /* devslopes-social */ = {
			isa = PBXNativeTarget;
			buildConfigurationList = CF70AA6E207BBD6400CC70A0 /* Build configuration list for PBXNativeTarget "devslopes-social" */;
			buildPhases = (
				291678A3FDE41B20076B7709 /* [CP] Check Pods Manifest.lock */,
				CF70AA58207BBD6400CC70A0 /* Sources */,
				CF70AA59207BBD6400CC70A0 /* Frameworks */,
				CF70AA5A207BBD6400CC70A0 /* Resources */,
				B866B3D9C6B5D24B3BEA33C8 /* [CP] Embed Pods Frameworks */,
			);
			buildRules = (
			);
			dependencies = (
			);
			name = "devslopes-social";
			productName = "devslopes-social";
			productReference = CF70AA5C207BBD6400CC70A0 /* devslopes-social.app */;
			productType = "com.apple.product-type.application";
		};
/* End PBXNativeTarget section */

/* Begin PBXProject section */
		CF70AA54207BBD6400CC70A0 /* Project object */ = {
			isa = PBXProject;
			attributes = {
				LastSwiftUpdateCheck = 0920;
				LastUpgradeCheck = 0920;
				ORGANIZATIONNAME = "Svemil DJUSIC";
				TargetAttributes = {
					CF70AA5B207BBD6400CC70A0 = {
						CreatedOnToolsVersion = 9.2;
						ProvisioningStyle = Automatic;
						SystemCapabilities = {
							com.apple.Keychain = {
								enabled = 1;
							};
						};
					};
				};
			};
			buildConfigurationList = CF70AA57207BBD6400CC70A0 /* Build configuration list for PBXProject "devslopes-social" */;
			compatibilityVersion = "Xcode 8.0";
			developmentRegion = en;
			hasScannedForEncodings = 0;
			knownRegions = (
				en,
				Base,
			);
			mainGroup = CF70AA53207BBD6400CC70A0;
			productRefGroup = CF70AA5D207BBD6400CC70A0 /* Products */;
			projectDirPath = "";
			projectRoot = "";
			targets = (
				CF70AA5B207BBD6400CC70A0 /* devslopes-social */,
			);
		};
/* End PBXProject section */

/* Begin PBXResourcesBuildPhase section */
		CF70AA5A207BBD6400CC70A0 /* Resources */ = {
			isa = PBXResourcesBuildPhase;
			buildActionMask = 2147483647;
			files = (
				CF70AA6A207BBD6400CC70A0 /* LaunchScreen.storyboard in Resources */,
				CF70AA67207BBD6400CC70A0 /* Assets.xcassets in Resources */,
				CF70AA65207BBD6400CC70A0 /* Main.storyboard in Resources */,
				CF70AA72207BBE4F00CC70A0 /* GoogleService-Info.plist in Resources */,
			);
			runOnlyForDeploymentPostprocessing = 0;
		};
/* End PBXResourcesBuildPhase section */

/* Begin PBXShellScriptBuildPhase section */
		291678A3FDE41B20076B7709 /* [CP] Check Pods Manifest.lock */ = {
			isa = PBXShellScriptBuildPhase;
			buildActionMask = 2147483647;
			files = (
			);
			inputPaths = (
				"${PODS_PODFILE_DIR_PATH}/Podfile.lock",
				"${PODS_ROOT}/Manifest.lock",
			);
			name = "[CP] Check Pods Manifest.lock";
			outputPaths = (
				"$(DERIVED_FILE_DIR)/Pods-devslopes-social-checkManifestLockResult.txt",
			);
			runOnlyForDeploymentPostprocessing = 0;
			shellPath = /bin/sh;
			shellScript = "diff \"${PODS_PODFILE_DIR_PATH}/Podfile.lock\" \"${PODS_ROOT}/Manifest.lock\" > /dev/null\nif [ $? != 0 ] ; then\n    # print error to STDERR\n    echo \"error: The sandbox is not in sync with the Podfile.lock. Run 'pod install' or update your CocoaPods installation.\" >&2\n    exit 1\nfi\n# This output is used by Xcode 'outputs' to avoid re-running this script phase.\necho \"SUCCESS\" > \"${SCRIPT_OUTPUT_FILE_0}\"\n";
			showEnvVarsInLog = 0;
		};
		B866B3D9C6B5D24B3BEA33C8 /* [CP] Embed Pods Frameworks */ = {
			isa = PBXShellScriptBuildPhase;
			buildActionMask = 2147483647;
			files = (
			);
			inputPaths = (
				"${SRCROOT}/Pods/Target Support Files/Pods-devslopes-social/Pods-devslopes-social-frameworks.sh",
				"${BUILT_PRODUCTS_DIR}/Bolts/Bolts.framework",
				"${BUILT_PRODUCTS_DIR}/FBSDKCoreKit/FBSDKCoreKit.framework",
				"${BUILT_PRODUCTS_DIR}/FBSDKLoginKit/FBSDKLoginKit.framework",
				"${BUILT_PRODUCTS_DIR}/GTMSessionFetcher/GTMSessionFetcher.framework",
				"${BUILT_PRODUCTS_DIR}/GoogleToolboxForMac/GoogleToolboxForMac.framework",
				"${BUILT_PRODUCTS_DIR}/SwiftKeychainWrapper/SwiftKeychainWrapper.framework",
				"${BUILT_PRODUCTS_DIR}/leveldb-library/leveldb.framework",
				"${BUILT_PRODUCTS_DIR}/nanopb/nanopb.framework",
			);
			name = "[CP] Embed Pods Frameworks";
			outputPaths = (
				"${TARGET_BUILD_DIR}/${FRAMEWORKS_FOLDER_PATH}/Bolts.framework",
				"${TARGET_BUILD_DIR}/${FRAMEWORKS_FOLDER_PATH}/FBSDKCoreKit.framework",
				"${TARGET_BUILD_DIR}/${FRAMEWORKS_FOLDER_PATH}/FBSDKLoginKit.framework",
				"${TARGET_BUILD_DIR}/${FRAMEWORKS_FOLDER_PATH}/GTMSessionFetcher.framework",
				"${TARGET_BUILD_DIR}/${FRAMEWORKS_FOLDER_PATH}/GoogleToolboxForMac.framework",
				"${TARGET_BUILD_DIR}/${FRAMEWORKS_FOLDER_PATH}/SwiftKeychainWrapper.framework",
				"${TARGET_BUILD_DIR}/${FRAMEWORKS_FOLDER_PATH}/leveldb.framework",
				"${TARGET_BUILD_DIR}/${FRAMEWORKS_FOLDER_PATH}/nanopb.framework",
			);
			runOnlyForDeploymentPostprocessing = 0;
			shellPath = /bin/sh;
			shellScript = "\"${SRCROOT}/Pods/Target Support Files/Pods-devslopes-social/Pods-devslopes-social-frameworks.sh\"\n";
			showEnvVarsInLog = 0;
		};
/* End PBXShellScriptBuildPhase section */

/* Begin PBXSourcesBuildPhase section */
		CF70AA58207BBD6400CC70A0 /* Sources */ = {
			isa = PBXSourcesBuildPhase;
			buildActionMask = 2147483647;
			files = (
				CF70AA7E207C21A900CC70A0 /* FancyField.swift in Sources */,
				CF70AA62207BBD6400CC70A0 /* SignInVC.swift in Sources */,
				CF70AA7C207C1F2400CC70A0 /* RoundBtn.swift in Sources */,
				CF70AA60207BBD6400CC70A0 /* AppDelegate.swift in Sources */,
				CFBAB32721F9395D00B4847E /* FeedVC.swift in Sources */,
				CF70AA77207C075500CC70A0 /* FancyView.swift in Sources */,
				CF70AA7A207C1BE300CC70A0 /* Constants.swift in Sources */,
				CF70AA80207C258200CC70A0 /* FancyBtn.swift in Sources */,
			);
			runOnlyForDeploymentPostprocessing = 0;
		};
/* End PBXSourcesBuildPhase section */

/* Begin PBXVariantGroup section */
		CF70AA63207BBD6400CC70A0 /* Main.storyboard */ = {
			isa = PBXVariantGroup;
			children = (
				CF70AA64207BBD6400CC70A0 /* Base */,
			);
			name = Main.storyboard;
			sourceTree = "<group>";
		};
		CF70AA68207BBD6400CC70A0 /* LaunchScreen.storyboard */ = {
			isa = PBXVariantGroup;
			children = (
				CF70AA69207BBD6400CC70A0 /* Base */,
			);
			name = LaunchScreen.storyboard;
			sourceTree = "<group>";
		};
/* End PBXVariantGroup section */

/* Begin XCBuildConfiguration section */
		CF70AA6C207BBD6400CC70A0 /* Debug */ = {
			isa = XCBuildConfiguration;
			buildSettings = {
				ALWAYS_SEARCH_USER_PATHS = NO;
				CLANG_ANALYZER_NONNULL = YES;
				CLANG_ANALYZER_NUMBER_OBJECT_CONVERSION = YES_AGGRESSIVE;
				CLANG_CXX_LANGUAGE_STANDARD = "gnu++14";
				CLANG_CXX_LIBRARY = "libc++";
				CLANG_ENABLE_MODULES = YES;
				CLANG_ENABLE_OBJC_ARC = YES;
				CLANG_WARN_BLOCK_CAPTURE_AUTORELEASING = YES;
				CLANG_WARN_BOOL_CONVERSION = YES;
				CLANG_WARN_COMMA = YES;
				CLANG_WARN_CONSTANT_CONVERSION = YES;
				CLANG_WARN_DIRECT_OBJC_ISA_USAGE = YES_ERROR;
				CLANG_WARN_DOCUMENTATION_COMMENTS = YES;
				CLANG_WARN_EMPTY_BODY = YES;
				CLANG_WARN_ENUM_CONVERSION = YES;
				CLANG_WARN_INFINITE_RECURSION = YES;
				CLANG_WARN_INT_CONVERSION = YES;
				CLANG_WARN_NON_LITERAL_NULL_CONVERSION = YES;
				CLANG_WARN_OBJC_LITERAL_CONVERSION = YES;
				CLANG_WARN_OBJC_ROOT_CLASS = YES_ERROR;
				CLANG_WARN_RANGE_LOOP_ANALYSIS = YES;
				CLANG_WARN_STRICT_PROTOTYPES = YES;
				CLANG_WARN_SUSPICIOUS_MOVE = YES;
				CLANG_WARN_UNGUARDED_AVAILABILITY = YES_AGGRESSIVE;
				CLANG_WARN_UNREACHABLE_CODE = YES;
				CLANG_WARN__DUPLICATE_METHOD_MATCH = YES;
				CODE_SIGN_IDENTITY = "iPhone Developer";
				COPY_PHASE_STRIP = NO;
				DEBUG_INFORMATION_FORMAT = dwarf;
				ENABLE_STRICT_OBJC_MSGSEND = YES;
				ENABLE_TESTABILITY = YES;
				GCC_C_LANGUAGE_STANDARD = gnu11;
				GCC_DYNAMIC_NO_PIC = NO;
				GCC_NO_COMMON_BLOCKS = YES;
				GCC_OPTIMIZATION_LEVEL = 0;
				GCC_PREPROCESSOR_DEFINITIONS = (
					"DEBUG=1",
					"$(inherited)",
				);
				GCC_WARN_64_TO_32_BIT_CONVERSION = YES;
				GCC_WARN_ABOUT_RETURN_TYPE = YES_ERROR;
				GCC_WARN_UNDECLARED_SELECTOR = YES;
				GCC_WARN_UNINITIALIZED_AUTOS = YES_AGGRESSIVE;
				GCC_WARN_UNUSED_FUNCTION = YES;
				GCC_WARN_UNUSED_VARIABLE = YES;
				IPHONEOS_DEPLOYMENT_TARGET = 11.2;
				MTL_ENABLE_DEBUG_INFO = YES;
				ONLY_ACTIVE_ARCH = YES;
				SDKROOT = iphoneos;
				SWIFT_ACTIVE_COMPILATION_CONDITIONS = DEBUG;
				SWIFT_OPTIMIZATION_LEVEL = "-Onone";
			};
			name = Debug;
		};
		CF70AA6D207BBD6400CC70A0 /* Release */ = {
			isa = XCBuildConfiguration;
			buildSettings = {
				ALWAYS_SEARCH_USER_PATHS = NO;
				CLANG_ANALYZER_NONNULL = YES;
				CLANG_ANALYZER_NUMBER_OBJECT_CONVERSION = YES_AGGRESSIVE;
				CLANG_CXX_LANGUAGE_STANDARD = "gnu++14";
				CLANG_CXX_LIBRARY = "libc++";
				CLANG_ENABLE_MODULES = YES;
				CLANG_ENABLE_OBJC_ARC = YES;
				CLANG_WARN_BLOCK_CAPTURE_AUTORELEASING = YES;
				CLANG_WARN_BOOL_CONVERSION = YES;
				CLANG_WARN_COMMA = YES;
				CLANG_WARN_CONSTANT_CONVERSION = YES;
				CLANG_WARN_DIRECT_OBJC_ISA_USAGE = YES_ERROR;
				CLANG_WARN_DOCUMENTATION_COMMENTS = YES;
				CLANG_WARN_EMPTY_BODY = YES;
				CLANG_WARN_ENUM_CONVERSION = YES;
				CLANG_WARN_INFINITE_RECURSION = YES;
				CLANG_WARN_INT_CONVERSION = YES;
				CLANG_WARN_NON_LITERAL_NULL_CONVERSION = YES;
				CLANG_WARN_OBJC_LITERAL_CONVERSION = YES;
				CLANG_WARN_OBJC_ROOT_CLASS = YES_ERROR;
				CLANG_WARN_RANGE_LOOP_ANALYSIS = YES;
				CLANG_WARN_STRICT_PROTOTYPES = YES;
				CLANG_WARN_SUSPICIOUS_MOVE = YES;
				CLANG_WARN_UNGUARDED_AVAILABILITY = YES_AGGRESSIVE;
				CLANG_WARN_UNREACHABLE_CODE = YES;
				CLANG_WARN__DUPLICATE_METHOD_MATCH = YES;
				CODE_SIGN_IDENTITY = "iPhone Developer";
				COPY_PHASE_STRIP = NO;
				DEBUG_INFORMATION_FORMAT = "dwarf-with-dsym";
				ENABLE_NS_ASSERTIONS = NO;
				ENABLE_STRICT_OBJC_MSGSEND = YES;
				GCC_C_LANGUAGE_STANDARD = gnu11;
				GCC_NO_COMMON_BLOCKS = YES;
				GCC_WARN_64_TO_32_BIT_CONVERSION = YES;
				GCC_WARN_ABOUT_RETURN_TYPE = YES_ERROR;
				GCC_WARN_UNDECLARED_SELECTOR = YES;
				GCC_WARN_UNINITIALIZED_AUTOS = YES_AGGRESSIVE;
				GCC_WARN_UNUSED_FUNCTION = YES;
				GCC_WARN_UNUSED_VARIABLE = YES;
				IPHONEOS_DEPLOYMENT_TARGET = 11.2;
				MTL_ENABLE_DEBUG_INFO = NO;
				SDKROOT = iphoneos;
				SWIFT_OPTIMIZATION_LEVEL = "-Owholemodule";
				VALIDATE_PRODUCT = YES;
			};
			name = Release;
		};
		CF70AA6F207BBD6400CC70A0 /* Debug */ = {
			isa = XCBuildConfiguration;
			baseConfigurationReference = D008E9B032D7B9C40697B1E9 /* Pods-devslopes-social.debug.xcconfig */;
			buildSettings = {
				ASSETCATALOG_COMPILER_APPICON_NAME = AppIcon;
				CODE_SIGN_ENTITLEMENTS = "devslopes-social/devslopes-social.entitlements";
				CODE_SIGN_STYLE = Automatic;
				DEVELOPMENT_TEAM = B8SEUR2W2A;
				INFOPLIST_FILE = "devslopes-social/Info.plist";
				LD_RUNPATH_SEARCH_PATHS = "$(inherited) @executable_path/Frameworks";
				PRODUCT_BUNDLE_IDENTIFIER = "com.svemildjusic.devslopes-social";
				PRODUCT_NAME = "$(TARGET_NAME)";
				SWIFT_VERSION = 4.0;
				TARGETED_DEVICE_FAMILY = "1,2";
			};
			name = Debug;
		};
		CF70AA70207BBD6400CC70A0 /* Release */ = {
			isa = XCBuildConfiguration;
			baseConfigurationReference = 81E58EBC442109E68685A704 /* Pods-devslopes-social.release.xcconfig */;
			buildSettings = {
				ASSETCATALOG_COMPILER_APPICON_NAME = AppIcon;
				CODE_SIGN_ENTITLEMENTS = "devslopes-social/devslopes-social.entitlements";
				CODE_SIGN_STYLE = Automatic;
				DEVELOPMENT_TEAM = B8SEUR2W2A;
				INFOPLIST_FILE = "devslopes-social/Info.plist";
				LD_RUNPATH_SEARCH_PATHS = "$(inherited) @executable_path/Frameworks";
				PRODUCT_BUNDLE_IDENTIFIER = "com.svemildjusic.devslopes-social";
				PRODUCT_NAME = "$(TARGET_NAME)";
				SWIFT_VERSION = 4.0;
				TARGETED_DEVICE_FAMILY = "1,2";
			};
			name = Release;
		};
/* End XCBuildConfiguration section */

/* Begin XCConfigurationList section */
		CF70AA57207BBD6400CC70A0 /* Build configuration list for PBXProject "devslopes-social" */ = {
			isa = XCConfigurationList;
			buildConfigurations = (
				CF70AA6C207BBD6400CC70A0 /* Debug */,
				CF70AA6D207BBD6400CC70A0 /* Release */,
			);
			defaultConfigurationIsVisible = 0;
			defaultConfigurationName = Release;
		};
		CF70AA6E207BBD6400CC70A0 /* Build configuration list for PBXNativeTarget "devslopes-social" */ = {
			isa = XCConfigurationList;
			buildConfigurations = (
				CF70AA6F207BBD6400CC70A0 /* Debug */,
				CF70AA70207BBD6400CC70A0 /* Release */,
			);
			defaultConfigurationIsVisible = 0;
			defaultConfigurationName = Release;
		};
/* End XCConfigurationList section */
	};
	rootObject = CF70AA54207BBD6400CC70A0 /* Project object */;
}
